
Microsoft Visual Studio Solution File, Format Version 12.00
# Visual Studio Version 16
VisualStudioVersion = 16.0.29709.97
MinimumVisualStudioVersion = 10.0.40219.1
Project("{FAE04EC0-301F-11D3-BF4B-00C04F79EFBC}") = "WebApplication1", "WebApplication1\WebApplication1.csproj", "{C1DC1A1E-30BD-44BA-BEF7-EBB741CDC71A}"
EndProject
Global
	GlobalSection(SolutionConfigurationPlatforms) = preSolution
		Debug|Any CPU = Debug|Any CPU
		Release|Any CPU = Release|Any CPU
	EndGlobalSection
	GlobalSection(ProjectConfigurationPlatforms) = postSolution
		{C1DC1A1E-30BD-44BA-BEF7-EBB741CDC71A}.Debug|Any CPU.ActiveCfg = Debug|Any CPU
		{C1DC1A1E-30BD-44BA-BEF7-EBB741CDC71A}.Debug|Any CPU.Build.0 = Debug|Any CPU
		{C1DC1A1E-30BD-44BA-BEF7-EBB741CDC71A}.Release|Any CPU.ActiveCfg = Release|Any CPU
		{C1DC1A1E-30BD-44BA-BEF7-EBB741CDC71A}.Release|Any CPU.Build.0 = Release|Any CPU
	EndGlobalSection
	GlobalSection(SolutionProperties) = preSolution
		HideSolutionNode = FALSE
	EndGlobalSection
	GlobalSection(ExtensibilityGlobals) = postSolution
		SolutionGuid = {99C3B5BC-DF52-44CB-B9B0-DBCA9A1B4F25}
	EndGlobalSection
EndGlobal
